
Microsoft Visual Studio Solution File, Format Version 12.00
# Visual Studio 2013
VisualStudioVersion = 12.0.21005.1
MinimumVisualStudioVersion = 10.0.40219.1
Project("{FAE04EC0-301F-11D3-BF4B-00C04F79EFBC}") = "TreeView_Agregar_Nodos", "TreeView_Agregar_Nodos\TreeView_Agregar_Nodos.csproj", "{C5139CD2-D8A8-41CA-8307-58FA0C215D0A}"
EndProject
Global
	GlobalSection(SolutionConfigurationPlatforms) = preSolution
		Debug|Any CPU = Debug|Any CPU
		Release|Any CPU = Release|Any CPU
	EndGlobalSection
	GlobalSection(ProjectConfigurationPlatforms) = postSolution
		{C5139CD2-D8A8-41CA-8307-58FA0C215D0A}.Debug|Any CPU.ActiveCfg = Debug|Any CPU
		{C5139CD2-D8A8-41CA-8307-58FA0C215D0A}.Debug|Any CPU.Build.0 = Debug|Any CPU
		{C5139CD2-D8A8-41CA-8307-58FA0C215D0A}.Release|Any CPU.ActiveCfg = Release|Any CPU
		{C5139CD2-D8A8-41CA-8307-58FA0C215D0A}.Release|Any CPU.Build.0 = Release|Any CPU
	EndGlobalSection
	GlobalSection(SolutionProperties) = preSolution
		HideSolutionNode = FALSE
	EndGlobalSection
EndGlobal
