
Microsoft Visual Studio Solution File, Format Version 11.00
# Visual Studio 2010
Project("{FAE04EC0-301F-11D3-BF4B-00C04F79EFBC}") = "Paso_Datos_MDI", "Paso_Datos_MDI\Paso_Datos_MDI.csproj", "{52EA6C8D-79E7-48E3-BD94-0FC63489BE4F}"
EndProject
Global
	GlobalSection(SolutionConfigurationPlatforms) = preSolution
		Debug|x86 = Debug|x86
		Release|x86 = Release|x86
	EndGlobalSection
	GlobalSection(ProjectConfigurationPlatforms) = postSolution
		{52EA6C8D-79E7-48E3-BD94-0FC63489BE4F}.Debug|x86.ActiveCfg = Debug|x86
		{52EA6C8D-79E7-48E3-BD94-0FC63489BE4F}.Debug|x86.Build.0 = Debug|x86
		{52EA6C8D-79E7-48E3-BD94-0FC63489BE4F}.Release|x86.ActiveCfg = Release|x86
		{52EA6C8D-79E7-48E3-BD94-0FC63489BE4F}.Release|x86.Build.0 = Release|x86
	EndGlobalSection
	GlobalSection(SolutionProperties) = preSolution
		HideSolutionNode = FALSE
	EndGlobalSection
EndGlobal
